github.com/Stumblinbear/gridlock/api v0.0.0-20190511134051-0c53a25b671b h1:sTrayM5aDmFkxZ4TkhZfpra9rF9tsRALcEIXv2mtvV0=
github.com/Stumblinbear/gridlock/api v0.0.0-20190511134051-0c53a25b671b/go.mod h1:UPK1halMERa/SQVcQC4EG9//iSovnayVSnrgn97cYz8=
github.com/Stumblinbear/gridlock/api v0.0.0-20190511141639-56965c653ff5 h1:isw+1exKeWxR8t41D1MSmIi7oN2EMaDbTALmtRYhnuw=
github.com/Stumblinbear/gridlock/api v0.0.0-20190511141639-56965c653ff5/go.mod h1:UPK1halMERa/SQVcQC4EG9//iSovnayVSnrgn97cYz8=
github.com/Stumblinbear/gridlock/api v0.0.0-20190511233447-bffbe3bee94d h1:GOwlZ/U1sjEI/iD3+f1BuIMZ3rziWh9qaPtlEtdHYdE=
github.com/Stumblinbear/gridlock/api v0.0.0-20190511233447-bffbe3bee94d/go.mod h1:UPK1halMERa/SQVcQC4EG9//iSovnayVSnrgn97cYz8=
github.com/Stumblinbear/gridlock/api v0.0.0-20190511234454-5aefd3913a88 h1:Uy8VWeEKgVyvWom/bgWcCMms0TlIguhDX37Ad32OlY8=
github.com/Stumblinbear/gridlock/api v0.0.0-20190511234454-5aefd3913a88/go.mod h1:UPK1halMERa/SQVcQC4EG9//iSovnayVSnrgn97cYz8=
github.com/Stumblinbear/gridlock/api v0.0.0-20190511234558-39fa0316ab05 h1:/cYhENmTcvM1aQlKu7U+D5L533pm+ZpBwva9iC3O578=
github.com/Stumblinbear/gridlock/api v0.0.0-20190511234558-39fa0316ab05/go.mod h1:UPK1halMERa/SQVcQC4EG9//iSovnayVSnrgn97cYz8=
github.com/Stumblinbear/gridlock/api v0.0.0-20190511235843-a7ce09ea6aaa h1:7PV6ClY6fwdoiSdKWHA4pqTxwmBeXzKktsbLSh4YwXE=
github.com/Stumblinbear/gridlock/api v0.0.0-20190511235843-a7ce09ea6aaa/go.mod h1:UPK1halMERa/SQVcQC4EG9//iSovnayVSnrgn97cYz8=
github.com/Stumblinbear/gridlock/api v0.0.0-20190512001955-0d7837491d83 h1:u9lKNFNfXLFAluTf7CHTh/y0J22bdJrolzf7bXmXlTg=
github.com/Stumblinbear/gridlock/api v0.0.0-20190512001955-0d7837491d83/go.mod h1:UPK1halMERa/SQVcQC4EG9//iSovnayVSnrgn97cYz8=
github.com/Stumblinbear/gridlock/api v0.0.0-20190512013232-23ffd5748e2a h1:mIcxx7aGIPGq34m+/rbxFbKdaUKaagxYdWlYdNo8toQ=
github.com/Stumblinbear/gridlock/api v0.0.0-20190512013232-23ffd5748e2a/go.mod h1:UPK1halMERa/SQVcQC4EG9//iSovnayVSnrgn97cYz8=
github.com/Stumblinbear/gridlock/api v0.0.0-20190512013635-408f36512deb h1:J0wH8dRsvXSq7uMovq8djAwxCelKxa0VVebonOeTiAA=
github.com/Stumblinbear/gridlock/api v0.0.0-20190512013635-408f36512deb/go.mod h1:UPK1halMERa/SQVcQC4EG9//iSovnayVSnrgn97cYz8=
github.com/Stumblinbear/gridlock/api v0.0.0-20190512013806-dd45e0b293a0 h1:nEEc2qPr+hmTQSyw7a9ClesA/fBsTMBShPAW0Vhaw/s=
github.com/Stumblinbear/gridlock/api v0.0.0-20190512013806-dd45e0b293a0/go.mod h1:UPK1halMERa/SQVcQC4EG9//iSovnayVSnrgn97cYz8=
github.com/Stumblinbear/gridlock/api v0.0.0-20190512015804-ad072fa28c50 h1:SqJxF2Bl8e0z6Wbhtv4491FKQ7//0Vgh5U14SwS1JM0=
github.com/Stumblinbear/gridlock/api v0.0.0-20190512015804-ad072fa28c50/go.mod h1:UPK1halMERa/SQVcQC4EG9//iSovnayVSnrgn97cYz8=
github.com/Stumblinbear/gridlock/api v0.0.0-20190512020412-cf23c038be7f h1:2TvntpvqTq73Zu2koL4tHpDF/+GulSusXu84XdJBX6o=
github.com/Stumblinbear/gridlock/api v0.0.0-20190512020412-cf23c038be7f/go.mod h1:UPK1halMERa/SQVcQC4EG9//iSovnayVSnrgn97cYz8=
github.com/Stumblinbear/gridlock/api v0.0.0-20190512020803-7915e9a6a872 h1:Yte5A1Buq2zcrZqV5RZM7E9RSp3BhBJVYbz5VwLpUEE=
github.com/Stumblinbear/gridlock/api v0.0.0-20190512020803-7915e9a6a872/go.mod h1:UPK1halMERa/SQVcQC4EG9//iSovnayVSnrgn97cYz8=
github.com/Stumblinbear/gridlock/api v0.0.0-20190512020936-f951e260fcf0 h1:WG83O95db8HRkegS0K3UxeDx56E/O88jnm6Zfpz3cwg=
github.com/Stumblinbear/gridlock/api v0.0.0-20190512020936-f951e260fcf0/go.mod h1:UPK1halMERa/SQVcQC4EG9//iSovnayVSnrgn97cYz8=
github.com/Stumblinbear/gridlock/api v0.0.0-20190512021053-76328fd03900 h1:HB63YjhJxL/Ba4po5t3+H6F2yFQqzTtB40vaz56WDHE=
github.com/Stumblinbear/gridlock/api v0.0.0-20190512021053-76328fd03900/go.mod h1:UPK1halMERa/SQVcQC4EG9//iSovnayVSnrgn97cYz8=
github.com/Stumblinbear/gridlock/api v0.0.0-20190512021320-52b0d31de078 h1:wdURANVWzi5DCdYC+F7z8+I7lXRhrhRxfu+/UfplMm0=
github.com/Stumblinbear/gridlock/api v0.0.0-20190512021320-52b0d31de078/go.mod h1:UPK1halMERa/SQVcQC4EG9//iSovnayVSnrgn97cYz8=
