github.com/StackExchange/wmi v0.0.0-20181212234831-e0a55b97c705 h1:UUppSQnhf4Yc6xGxSkoQpPhb7RVzuv5Nb1mwJ5VId9s=
github.com/StackExchange/wmi v0.0.0-20181212234831-e0a55b97c705/go.mod h1:3eOhrUMpNV+6aFIbp5/iudMxNCF27Vw2OZgy4xEx0Fg=
github.com/Stumblinbear/gridlock v0.0.0-20190511134051-0c53a25b671b h1:YMBOkMbUd0o8VrU9+FTWZ69Q73mrUR6TcrweX5U4nJ4=
github.com/Stumblinbear/gridlock/api v0.0.0-20190511134051-0c53a25b671b h1:sTrayM5aDmFkxZ4TkhZfpra9rF9tsRALcEIXv2mtvV0=
github.com/Stumblinbear/gridlock/api v0.0.0-20190511134051-0c53a25b671b/go.mod h1:UPK1halMERa/SQVcQC4EG9//iSovnayVSnrgn97cYz8=
github.com/Stumblinbear/gridlock/api v0.0.0-20190511141639-56965c653ff5 h1:isw+1exKeWxR8t41D1MSmIi7oN2EMaDbTALmtRYhnuw=
github.com/Stumblinbear/gridlock/api v0.0.0-20190511141639-56965c653ff5/go.mod h1:UPK1halMERa/SQVcQC4EG9//iSovnayVSnrgn97cYz8=
github.com/Stumblinbear/gridlock/api v0.0.0-20190511233447-bffbe3bee94d h1:GOwlZ/U1sjEI/iD3+f1BuIMZ3rziWh9qaPtlEtdHYdE=
github.com/Stumblinbear/gridlock/api v0.0.0-20190511233447-bffbe3bee94d/go.mod h1:UPK1halMERa/SQVcQC4EG9//iSovnayVSnrgn97cYz8=
github.com/Stumblinbear/gridlock/api v0.0.0-20190511234454-5aefd3913a88 h1:Uy8VWeEKgVyvWom/bgWcCMms0TlIguhDX37Ad32OlY8=
github.com/Stumblinbear/gridlock/api v0.0.0-20190511234454-5aefd3913a88/go.mod h1:UPK1halMERa/SQVcQC4EG9//iSovnayVSnrgn97cYz8=
github.com/Stumblinbear/gridlock/api v0.0.0-20190511234558-39fa0316ab05 h1:/cYhENmTcvM1aQlKu7U+D5L533pm+ZpBwva9iC3O578=
github.com/Stumblinbear/gridlock/api v0.0.0-20190511234558-39fa0316ab05/go.mod h1:UPK1halMERa/SQVcQC4EG9//iSovnayVSnrgn97cYz8=
github.com/Stumblinbear/gridlock/api v0.0.0-20190511235843-a7ce09ea6aaa h1:7PV6ClY6fwdoiSdKWHA4pqTxwmBeXzKktsbLSh4YwXE=
github.com/Stumblinbear/gridlock/api v0.0.0-20190511235843-a7ce09ea6aaa/go.mod h1:UPK1halMERa/SQVcQC4EG9//iSovnayVSnrgn97cYz8=
github.com/Stumblinbear/gridlock/api v0.0.0-20190512001701-004e76a39a89 h1:XW6IteKXq2FD7VLwZr+rhzIV3/ECK8DcpbP+2wcimp0=
github.com/Stumblinbear/gridlock/api v0.0.0-20190512001701-004e76a39a89/go.mod h1:UPK1halMERa/SQVcQC4EG9//iSovnayVSnrgn97cYz8=
github.com/Stumblinbear/gridlock/api v0.0.0-20190512001955-0d7837491d83 h1:u9lKNFNfXLFAluTf7CHTh/y0J22bdJrolzf7bXmXlTg=
github.com/Stumblinbear/gridlock/api v0.0.0-20190512001955-0d7837491d83/go.mod h1:UPK1halMERa/SQVcQC4EG9//iSovnayVSnrgn97cYz8=
github.com/Stumblinbear/gridlock/api v0.0.0-20190512013232-23ffd5748e2a h1:mIcxx7aGIPGq34m+/rbxFbKdaUKaagxYdWlYdNo8toQ=
github.com/Stumblinbear/gridlock/api v0.0.0-20190512013232-23ffd5748e2a/go.mod h1:UPK1halMERa/SQVcQC4EG9//iSovnayVSnrgn97cYz8=
github.com/Stumblinbear/gridlock/api v0.0.0-20190512013635-408f36512deb h1:J0wH8dRsvXSq7uMovq8djAwxCelKxa0VVebonOeTiAA=
github.com/Stumblinbear/gridlock/api v0.0.0-20190512013635-408f36512deb/go.mod h1:UPK1halMERa/SQVcQC4EG9//iSovnayVSnrgn97cYz8=
github.com/Stumblinbear/gridlock/api v0.0.0-20190512013806-dd45e0b293a0 h1:nEEc2qPr+hmTQSyw7a9ClesA/fBsTMBShPAW0Vhaw/s=
github.com/Stumblinbear/gridlock/api v0.0.0-20190512013806-dd45e0b293a0/go.mod h1:UPK1halMERa/SQVcQC4EG9//iSovnayVSnrgn97cYz8=
github.com/Stumblinbear/gridlock/api v0.0.0-20190512015804-ad072fa28c50 h1:SqJxF2Bl8e0z6Wbhtv4491FKQ7//0Vgh5U14SwS1JM0=
github.com/Stumblinbear/gridlock/api v0.0.0-20190512015804-ad072fa28c50/go.mod h1:UPK1halMERa/SQVcQC4EG9//iSovnayVSnrgn97cYz8=
github.com/Stumblinbear/gridlock/api v0.0.0-20190512020412-cf23c038be7f h1:2TvntpvqTq73Zu2koL4tHpDF/+GulSusXu84XdJBX6o=
github.com/Stumblinbear/gridlock/api v0.0.0-20190512020412-cf23c038be7f/go.mod h1:UPK1halMERa/SQVcQC4EG9//iSovnayVSnrgn97cYz8=
github.com/Stumblinbear/gridlock/api v0.0.0-20190512020803-7915e9a6a872 h1:Yte5A1Buq2zcrZqV5RZM7E9RSp3BhBJVYbz5VwLpUEE=
github.com/Stumblinbear/gridlock/api v0.0.0-20190512020803-7915e9a6a872/go.mod h1:UPK1halMERa/SQVcQC4EG9//iSovnayVSnrgn97cYz8=
github.com/Stumblinbear/gridlock/api v0.0.0-20190512020936-f951e260fcf0 h1:WG83O95db8HRkegS0K3UxeDx56E/O88jnm6Zfpz3cwg=
github.com/Stumblinbear/gridlock/api v0.0.0-20190512020936-f951e260fcf0/go.mod h1:UPK1halMERa/SQVcQC4EG9//iSovnayVSnrgn97cYz8=
github.com/c2h5oh/datasize v0.0.0-20171227191756-4eba002a5eae h1:2Zmk+8cNvAGuY8AyvZuWpUdpQUAXwfom4ReVMe/CTIo=
github.com/c2h5oh/datasize v0.0.0-20171227191756-4eba002a5eae/go.mod h1:S/7n9copUssQ56c7aAgHqftWO4LTf4xY6CGWt8Bc+3M=
github.com/denisbrodbeck/machineid v1.0.1 h1:geKr9qtkB876mXguW2X6TU4ZynleN6ezuMSRhl4D7AQ=
github.com/denisbrodbeck/machineid v1.0.1/go.mod h1:dJUwb7PTidGDeYyUBmXZ2GphQBbjJCrnectwCyxcUSI=
github.com/go-ole/go-ole v1.2.4 h1:nNBDSCOigTSiarFpYE9J/KtEA1IOW4CNeqT9TQDqCxI=
github.com/go-ole/go-ole v1.2.4/go.mod h1:XCwSNxSkXRo4vlyPy93sltvi/qJq0jqQhjqQNIwKuxM=
github.com/gorilla/mux v1.7.1 h1:Dw4jY2nghMMRsh1ol8dv1axHkDwMQK2DHerMNJsIpJU=
github.com/gorilla/mux v1.7.1/go.mod h1:1lud6UwP+6orDFRuTfBEV8e9/aOM/c4fVVCaMa2zaAs=
github.com/gorilla/rpc v1.2.0 h1:WvvdC2lNeT1SP32zrIce5l0ECBfbAlmrmSBsuc57wfk=
github.com/gorilla/rpc v1.2.0/go.mod h1:V4h9r+4sF5HnzqbwIez0fKSpANP0zlYd3qR7p36jkTQ=
github.com/gorilla/websocket v1.4.0 h1:WDFjx/TMzVgy9VdMMQi2K2Emtwi2QcUQsztZ/zLaH/Q=
github.com/gorilla/websocket v1.4.0/go.mod h1:E7qHFY5m1UJ88s3WnNqhKjPHQ0heANvMoAMk2YaljkQ=
github.com/shirou/gopsutil v2.18.12+incompatible h1:1eaJvGomDnH74/5cF4CTmTbLHAriGFsTZppLXDX93OM=
github.com/shirou/gopsutil v2.18.12+incompatible/go.mod h1:5b4v6he4MtMOwMlS0TUMTu2PcXUg8+E1lC7eC3UO/RA=
github.com/shirou/w32 v0.0.0-20160930032740-bb4de0191aa4 h1:udFKJ0aHUL60LboW/A+DfgoHVedieIzIXE8uylPue0U=
github.com/shirou/w32 v0.0.0-20160930032740-bb4de0191aa4/go.mod h1:qsXQc7+bwAM3Q1u/4XEfrquwF8Lw7D7y5cD8CuHnfIc=
golang.org/x/sys v0.0.0-20190509141414-a5b02f93d862 h1:rM0ROo5vb9AdYJi1110yjWGMej9ITfKddS89P3Fkhug=
golang.org/x/sys v0.0.0-20190509141414-a5b02f93d862/go.mod h1:h1NjWce9XRLGQEsW7wpKNCjG9DtNlClVuFLEZdDNbEs=
